PODS:
  - BVLinearGradient (2.3.0):
    - React
  - Freddy (3.0.2)
  - React (0.47.2):
    - React/Core (= 0.47.2)
  - react-native-video (2.0.0):
    - React
  - React/ART (0.47.2):
    - React/Core
  - React/BatchedBridge (0.47.2):
    - React/Core
    - React/cxxreact_legacy
  - React/Core (0.47.2):
    - Yoga (= 0.47.2.React)
  - React/cxxreact_legacy (0.47.2):
    - React/jschelpers_legacy
  - React/DevSupport (0.47.2):
    - React/Core
    - React/RCTWebSocket
  - React/jschelpers_legacy (0.47.2)
  - React/RCTActionSheet (0.47.2):
    - React/Core
  - React/RCTAnimation (0.47.2):
    - React/Core
  - React/RCTGeolocation (0.47.2):
    - React/Core
  - React/RCTImage (0.47.2):
    - React/Core
    - React/RCTNetwork
  - React/RCTLinkingIOS (0.47.2):
    - React/Core
  - React/RCTNetwork (0.47.2):
    - React/Core
  - React/RCTPushNotification (0.47.2):
    - React/Core
  - React/RCTText (0.47.2):
    - React/Core
  - React/RCTWebSocket (0.47.2):
    - React/Core
  - Yoga (0.47.2.React)

DEPENDENCIES:
  - BVLinearGradient (from `../node_modules/react-native-linear-gradient`)
  - Freddy
  - react-native-video (from `../node_modules/react-native-video`)
  - React/ART (from `../node_modules/react-native`)
  - React/BatchedBridge (from `../node_modules/react-native`)
  - React/Core (from `../node_modules/react-native`)
  - React/DevSupport (from `../node_modules/react-native`)
  - React/RCTActionSheet (from `../node_modules/react-native`)
  - React/RCTAnimation (from `../node_modules/react-native`)
  - React/RCTGeolocation (from `../node_modules/react-native`)
  - React/RCTImage (from `../node_modules/react-native`)
  - React/RCTLinkingIOS (from `../node_modules/react-native`)
  - React/RCTNetwork (from `../node_modules/react-native`)
  - React/RCTPushNotification (from `../node_modules/react-native`)
  - React/RCTText (from `../node_modules/react-native`)
  - React/RCTWebSocket (from `../node_modules/react-native`)
  - Yoga (from `../node_modules/react-native/ReactCommon/yoga`)

EXTERNAL SOURCES:
  BVLinearGradient:
    :path: ../node_modules/react-native-linear-gradient
  React:
    :path: ../node_modules/react-native
  react-native-video:
    :path: ../node_modules/react-native-video
  Yoga:
    :path: ../node_modules/react-native/ReactCommon/yoga

SPEC CHECKSUMS:
  BVLinearGradient: e5b57d7ae2011487190ad11ed2e73edccdfc25fa
  Freddy: 60e165f3943b116d188c5a89991424a89cd71165
  React: fbe1a006550fb55871cb377ba7741f5d1cfff733
  react-native-video: 77f73e3867d91ed4147a6444d4da227fe8ee7404
  Yoga: ff8531e8cf9f7ec92a75dd44286a68c4a084c507

PODFILE CHECKSUM: 91ee58edd39c3ac56b4a9609e8d86ba95e8dfff7

COCOAPODS: 1.3.1
